
Microsoft Visual Studio Solution File, Format Version 12.00
# Visual Studio Version 17
VisualStudioVersion = 17.5.33424.131
MinimumVisualStudioVersion = 10.0.40219.1
Project("{8BC9CEB8-8B4A-11D0-8D11-00A0C91BC942}") = "001_AR47Start", "001_AR47Start\001_AR47Start.vcxproj", "{7A2ADBFE-B32F-40EF-B294-D28F0D7E1F07}"
EndProject
Project("{8BC9CEB8-8B4A-11D0-8D11-00A0C91BC942}") = "002_Compaile", "002_Compile\002_Compile.vcxproj", "{3068B28F-E3E5-4A9C-89B6-4A7604AD21F3}"
EndProject
Project("{8BC9CEB8-8B4A-11D0-8D11-00A0C91BC942}") = "003_MainFunction", "003_Mainfunction\003_Mainfunction.vcxproj", "{9EA16450-343F-46A9-AFA5-BF9B657912BF}"
EndProject
Project("{8BC9CEB8-8B4A-11D0-8D11-00A0C91BC942}") = "004_Var", "004_Var\004_Var.vcxproj", "{DD316375-F024-4AE5-B2E4-622B0C4E3D3E}"
EndProject
Project("{8BC9CEB8-8B4A-11D0-8D11-00A0C91BC942}") = "005_Operator000", "005_Operator000\005_Operator000.vcxproj", "{F9068084-9CBC-4000-BFD5-8F904F56AA04}"
EndProject
Project("{8BC9CEB8-8B4A-11D0-8D11-00A0C91BC942}") = "007_Operator001", "007_Operator001\007_Operator001.vcxproj", "{D580C0A9-BD48-4CEC-9649-BB13A985ECBD}"
EndProject
Project("{8BC9CEB8-8B4A-11D0-8D11-00A0C91BC942}") = "008_Bit", "008_Bit\008_Bit.vcxproj", "{CEB2E1EB-C0BF-44F5-8C17-198EFB0C4054}"
EndProject
Global
	GlobalSection(SolutionConfigurationPlatforms) = preSolution
		Debug|x64 = Debug|x64
		Debug|x86 = Debug|x86
		Release|x64 = Release|x64
		Release|x86 = Release|x86
	EndGlobalSection
	GlobalSection(ProjectConfigurationPlatforms) = postSolution
		{7A2ADBFE-B32F-40EF-B294-D28F0D7E1F07}.Debug|x64.ActiveCfg = Debug|x64
		{7A2ADBFE-B32F-40EF-B294-D28F0D7E1F07}.Debug|x64.Build.0 = Debug|x64
		{7A2ADBFE-B32F-40EF-B294-D28F0D7E1F07}.Debug|x86.ActiveCfg = Debug|Win32
		{7A2ADBFE-B32F-40EF-B294-D28F0D7E1F07}.Debug|x86.Build.0 = Debug|Win32
		{7A2ADBFE-B32F-40EF-B294-D28F0D7E1F07}.Release|x64.ActiveCfg = Release|x64
		{7A2ADBFE-B32F-40EF-B294-D28F0D7E1F07}.Release|x64.Build.0 = Release|x64
		{7A2ADBFE-B32F-40EF-B294-D28F0D7E1F07}.Release|x86.ActiveCfg = Release|Win32
		{7A2ADBFE-B32F-40EF-B294-D28F0D7E1F07}.Release|x86.Build.0 = Release|Win32
		{3068B28F-E3E5-4A9C-89B6-4A7604AD21F3}.Debug|x64.ActiveCfg = Debug|x64
		{3068B28F-E3E5-4A9C-89B6-4A7604AD21F3}.Debug|x64.Build.0 = Debug|x64
		{3068B28F-E3E5-4A9C-89B6-4A7604AD21F3}.Debug|x86.ActiveCfg = Debug|Win32
		{3068B28F-E3E5-4A9C-89B6-4A7604AD21F3}.Debug|x86.Build.0 = Debug|Win32
		{3068B28F-E3E5-4A9C-89B6-4A7604AD21F3}.Release|x64.ActiveCfg = Release|x64
		{3068B28F-E3E5-4A9C-89B6-4A7604AD21F3}.Release|x64.Build.0 = Release|x64
		{3068B28F-E3E5-4A9C-89B6-4A7604AD21F3}.Release|x86.ActiveCfg = Release|Win32
		{3068B28F-E3E5-4A9C-89B6-4A7604AD21F3}.Release|x86.Build.0 = Release|Win32
		{9EA16450-343F-46A9-AFA5-BF9B657912BF}.Debug|x64.ActiveCfg = Debug|x64
		{9EA16450-343F-46A9-AFA5-BF9B657912BF}.Debug|x64.Build.0 = Debug|x64
		{9EA16450-343F-46A9-AFA5-BF9B657912BF}.Debug|x86.ActiveCfg = Debug|Win32
		{9EA16450-343F-46A9-AFA5-BF9B657912BF}.Debug|x86.Build.0 = Debug|Win32
		{9EA16450-343F-46A9-AFA5-BF9B657912BF}.Release|x64.ActiveCfg = Release|x64
		{9EA16450-343F-46A9-AFA5-BF9B657912BF}.Release|x64.Build.0 = Release|x64
		{9EA16450-343F-46A9-AFA5-BF9B657912BF}.Release|x86.ActiveCfg = Release|Win32
		{9EA16450-343F-46A9-AFA5-BF9B657912BF}.Release|x86.Build.0 = Release|Win32
		{DD316375-F024-4AE5-B2E4-622B0C4E3D3E}.Debug|x64.ActiveCfg = Debug|x64
		{DD316375-F024-4AE5-B2E4-622B0C4E3D3E}.Debug|x64.Build.0 = Debug|x64
		{DD316375-F024-4AE5-B2E4-622B0C4E3D3E}.Debug|x86.ActiveCfg = Debug|Win32
		{DD316375-F024-4AE5-B2E4-622B0C4E3D3E}.Debug|x86.Build.0 = Debug|Win32
		{DD316375-F024-4AE5-B2E4-622B0C4E3D3E}.Release|x64.ActiveCfg = Release|x64
		{DD316375-F024-4AE5-B2E4-622B0C4E3D3E}.Release|x64.Build.0 = Release|x64
		{DD316375-F024-4AE5-B2E4-622B0C4E3D3E}.Release|x86.ActiveCfg = Release|Win32
		{DD316375-F024-4AE5-B2E4-622B0C4E3D3E}.Release|x86.Build.0 = Release|Win32
		{F9068084-9CBC-4000-BFD5-8F904F56AA04}.Debug|x64.ActiveCfg = Debug|x64
		{F9068084-9CBC-4000-BFD5-8F904F56AA04}.Debug|x64.Build.0 = Debug|x64
		{F9068084-9CBC-4000-BFD5-8F904F56AA04}.Debug|x86.ActiveCfg = Debug|Win32
		{F9068084-9CBC-4000-BFD5-8F904F56AA04}.Debug|x86.Build.0 = Debug|Win32
		{F9068084-9CBC-4000-BFD5-8F904F56AA04}.Release|x64.ActiveCfg = Release|x64
		{F9068084-9CBC-4000-BFD5-8F904F56AA04}.Release|x64.Build.0 = Release|x64
		{F9068084-9CBC-4000-BFD5-8F904F56AA04}.Release|x86.ActiveCfg = Release|Win32
		{F9068084-9CBC-4000-BFD5-8F904F56AA04}.Release|x86.Build.0 = Release|Win32
		{D580C0A9-BD48-4CEC-9649-BB13A985ECBD}.Debug|x64.ActiveCfg = Debug|x64
		{D580C0A9-BD48-4CEC-9649-BB13A985ECBD}.Debug|x64.Build.0 = Debug|x64
		{D580C0A9-BD48-4CEC-9649-BB13A985ECBD}.Debug|x86.ActiveCfg = Debug|Win32
		{D580C0A9-BD48-4CEC-9649-BB13A985ECBD}.Debug|x86.Build.0 = Debug|Win32
		{D580C0A9-BD48-4CEC-9649-BB13A985ECBD}.Release|x64.ActiveCfg = Release|x64
		{D580C0A9-BD48-4CEC-9649-BB13A985ECBD}.Release|x64.Build.0 = Release|x64
		{D580C0A9-BD48-4CEC-9649-BB13A985ECBD}.Release|x86.ActiveCfg = Release|Win32
		{D580C0A9-BD48-4CEC-9649-BB13A985ECBD}.Release|x86.Build.0 = Release|Win32
		{CEB2E1EB-C0BF-44F5-8C17-198EFB0C4054}.Debug|x64.ActiveCfg = Debug|x64
		{CEB2E1EB-C0BF-44F5-8C17-198EFB0C4054}.Debug|x64.Build.0 = Debug|x64
		{CEB2E1EB-C0BF-44F5-8C17-198EFB0C4054}.Debug|x86.ActiveCfg = Debug|Win32
		{CEB2E1EB-C0BF-44F5-8C17-198EFB0C4054}.Debug|x86.Build.0 = Debug|Win32
		{CEB2E1EB-C0BF-44F5-8C17-198EFB0C4054}.Release|x64.ActiveCfg = Release|x64
		{CEB2E1EB-C0BF-44F5-8C17-198EFB0C4054}.Release|x64.Build.0 = Release|x64
		{CEB2E1EB-C0BF-44F5-8C17-198EFB0C4054}.Release|x86.ActiveCfg = Release|Win32
		{CEB2E1EB-C0BF-44F5-8C17-198EFB0C4054}.Release|x86.Build.0 = Release|Win32
	EndGlobalSection
	GlobalSection(SolutionProperties) = preSolution
		HideSolutionNode = FALSE
	EndGlobalSection
	GlobalSection(ExtensibilityGlobals) = postSolution
		SolutionGuid = {29DD8BC4-E149-493F-8848-024B46CD269A}
	EndGlobalSection
EndGlobal
