
Microsoft Visual Studio Solution File, Format Version 12.00
# Visual Studio Version 17
VisualStudioVersion = 17.5.33424.131
MinimumVisualStudioVersion = 10.0.40219.1
Project("{8BC9CEB8-8B4A-11D0-8D11-00A0C91BC942}") = "001_AR47Start", "001_AR47Start\001_AR47Start.vcxproj", "{7A2ADBFE-B32F-40EF-B294-D28F0D7E1F07}"
EndProject
Project("{8BC9CEB8-8B4A-11D0-8D11-00A0C91BC942}") = "002_Compaile", "002_Compile\002_Compile.vcxproj", "{3068B28F-E3E5-4A9C-89B6-4A7604AD21F3}"
EndProject
Project("{8BC9CEB8-8B4A-11D0-8D11-00A0C91BC942}") = "003_MainFunction", "003_Mainfunction\003_Mainfunction.vcxproj", "{9EA16450-343F-46A9-AFA5-BF9B657912BF}"
EndProject
Project("{8BC9CEB8-8B4A-11D0-8D11-00A0C91BC942}") = "004_Var", "004_Var\004_Var.vcxproj", "{DD316375-F024-4AE5-B2E4-622B0C4E3D3E}"
EndProject
Project("{8BC9CEB8-8B4A-11D0-8D11-00A0C91BC942}") = "005_Operator", "005_Operator\005_Operator.vcxproj", "{52D6D92C-24B3-4A95-B5F5-8B2ADBC1D87B}"
EndProject
Global
	GlobalSection(SolutionConfigurationPlatforms) = preSolution
		Debug|x64 = Debug|x64
		Debug|x86 = Debug|x86
		Release|x64 = Release|x64
		Release|x86 = Release|x86
	EndGlobalSection
	GlobalSection(ProjectConfigurationPlatforms) = postSolution
		{7A2ADBFE-B32F-40EF-B294-D28F0D7E1F07}.Debug|x64.ActiveCfg = Debug|x64
		{7A2ADBFE-B32F-40EF-B294-D28F0D7E1F07}.Debug|x64.Build.0 = Debug|x64
		{7A2ADBFE-B32F-40EF-B294-D28F0D7E1F07}.Debug|x86.ActiveCfg = Debug|Win32
		{7A2ADBFE-B32F-40EF-B294-D28F0D7E1F07}.Debug|x86.Build.0 = Debug|Win32
		{7A2ADBFE-B32F-40EF-B294-D28F0D7E1F07}.Release|x64.ActiveCfg = Release|x64
		{7A2ADBFE-B32F-40EF-B294-D28F0D7E1F07}.Release|x64.Build.0 = Release|x64
		{7A2ADBFE-B32F-40EF-B294-D28F0D7E1F07}.Release|x86.ActiveCfg = Release|Win32
		{7A2ADBFE-B32F-40EF-B294-D28F0D7E1F07}.Release|x86.Build.0 = Release|Win32
		{3068B28F-E3E5-4A9C-89B6-4A7604AD21F3}.Debug|x64.ActiveCfg = Debug|x64
		{3068B28F-E3E5-4A9C-89B6-4A7604AD21F3}.Debug|x64.Build.0 = Debug|x64
		{3068B28F-E3E5-4A9C-89B6-4A7604AD21F3}.Debug|x86.ActiveCfg = Debug|Win32
		{3068B28F-E3E5-4A9C-89B6-4A7604AD21F3}.Debug|x86.Build.0 = Debug|Win32
		{3068B28F-E3E5-4A9C-89B6-4A7604AD21F3}.Release|x64.ActiveCfg = Release|x64
		{3068B28F-E3E5-4A9C-89B6-4A7604AD21F3}.Release|x64.Build.0 = Release|x64
		{3068B28F-E3E5-4A9C-89B6-4A7604AD21F3}.Release|x86.ActiveCfg = Release|Win32
		{3068B28F-E3E5-4A9C-89B6-4A7604AD21F3}.Release|x86.Build.0 = Release|Win32
		{9EA16450-343F-46A9-AFA5-BF9B657912BF}.Debug|x64.ActiveCfg = Debug|x64
		{9EA16450-343F-46A9-AFA5-BF9B657912BF}.Debug|x64.Build.0 = Debug|x64
		{9EA16450-343F-46A9-AFA5-BF9B657912BF}.Debug|x86.ActiveCfg = Debug|Win32
		{9EA16450-343F-46A9-AFA5-BF9B657912BF}.Debug|x86.Build.0 = Debug|Win32
		{9EA16450-343F-46A9-AFA5-BF9B657912BF}.Release|x64.ActiveCfg = Release|x64
		{9EA16450-343F-46A9-AFA5-BF9B657912BF}.Release|x64.Build.0 = Release|x64
		{9EA16450-343F-46A9-AFA5-BF9B657912BF}.Release|x86.ActiveCfg = Release|Win32
		{9EA16450-343F-46A9-AFA5-BF9B657912BF}.Release|x86.Build.0 = Release|Win32
		{DD316375-F024-4AE5-B2E4-622B0C4E3D3E}.Debug|x64.ActiveCfg = Debug|x64
		{DD316375-F024-4AE5-B2E4-622B0C4E3D3E}.Debug|x64.Build.0 = Debug|x64
		{DD316375-F024-4AE5-B2E4-622B0C4E3D3E}.Debug|x86.ActiveCfg = Debug|Win32
		{DD316375-F024-4AE5-B2E4-622B0C4E3D3E}.Debug|x86.Build.0 = Debug|Win32
		{DD316375-F024-4AE5-B2E4-622B0C4E3D3E}.Release|x64.ActiveCfg = Release|x64
		{DD316375-F024-4AE5-B2E4-622B0C4E3D3E}.Release|x64.Build.0 = Release|x64
		{DD316375-F024-4AE5-B2E4-622B0C4E3D3E}.Release|x86.ActiveCfg = Release|Win32
		{DD316375-F024-4AE5-B2E4-622B0C4E3D3E}.Release|x86.Build.0 = Release|Win32
		{52D6D92C-24B3-4A95-B5F5-8B2ADBC1D87B}.Debug|x64.ActiveCfg = Debug|x64
		{52D6D92C-24B3-4A95-B5F5-8B2ADBC1D87B}.Debug|x64.Build.0 = Debug|x64
		{52D6D92C-24B3-4A95-B5F5-8B2ADBC1D87B}.Debug|x86.ActiveCfg = Debug|Win32
		{52D6D92C-24B3-4A95-B5F5-8B2ADBC1D87B}.Debug|x86.Build.0 = Debug|Win32
		{52D6D92C-24B3-4A95-B5F5-8B2ADBC1D87B}.Release|x64.ActiveCfg = Release|x64
		{52D6D92C-24B3-4A95-B5F5-8B2ADBC1D87B}.Release|x64.Build.0 = Release|x64
		{52D6D92C-24B3-4A95-B5F5-8B2ADBC1D87B}.Release|x86.ActiveCfg = Release|Win32
		{52D6D92C-24B3-4A95-B5F5-8B2ADBC1D87B}.Release|x86.Build.0 = Release|Win32
	EndGlobalSection
	GlobalSection(SolutionProperties) = preSolution
		HideSolutionNode = FALSE
	EndGlobalSection
	GlobalSection(ExtensibilityGlobals) = postSolution
		SolutionGuid = {29DD8BC4-E149-493F-8848-024B46CD269A}
	EndGlobalSection
EndGlobal
