
Microsoft Visual Studio Solution File, Format Version 12.00
# Visual Studio Version 17
VisualStudioVersion = 17.5.33424.131
MinimumVisualStudioVersion = 10.0.40219.1
Project("{8BC9CEB8-8B4A-11D0-8D11-00A0C91BC942}") = "001_AR47Start", "001_AR47Start\001_AR47Start.vcxproj", "{7A2ADBFE-B32F-40EF-B294-D28F0D7E1F07}"
EndProject
Project("{8BC9CEB8-8B4A-11D0-8D11-00A0C91BC942}") = "003_MainFunction", "003_Mainfunction\003_Mainfunction.vcxproj", "{9EA16450-343F-46A9-AFA5-BF9B657912BF}"
EndProject
Project("{8BC9CEB8-8B4A-11D0-8D11-00A0C91BC942}") = "004_Var", "004_Var\004_Var.vcxproj", "{DD316375-F024-4AE5-B2E4-622B0C4E3D3E}"
EndProject
Project("{8BC9CEB8-8B4A-11D0-8D11-00A0C91BC942}") = "005_Operator000", "005_Operator000\005_Operator000.vcxproj", "{F9068084-9CBC-4000-BFD5-8F904F56AA04}"
EndProject
Project("{8BC9CEB8-8B4A-11D0-8D11-00A0C91BC942}") = "007_Operator001", "007_Operator001\007_Operator001.vcxproj", "{D580C0A9-BD48-4CEC-9649-BB13A985ECBD}"
EndProject
Project("{8BC9CEB8-8B4A-11D0-8D11-00A0C91BC942}") = "008_Bit", "008_Bit\008_Bit.vcxproj", "{CEB2E1EB-C0BF-44F5-8C17-198EFB0C4054}"
EndProject
Project("{8BC9CEB8-8B4A-11D0-8D11-00A0C91BC942}") = "009_Semicolon", "009_Semicolon\009_Semicolon.vcxproj", "{47F9BAB0-20BD-48F6-921C-77155F74F3CE}"
EndProject
Project("{8BC9CEB8-8B4A-11D0-8D11-00A0C91BC942}") = "002_Compaile", "002_Compaile\002_Compaile.vcxproj", "{36222D31-84EA-434E-B6BF-0D6D4E3840F3}"
EndProject
Project("{8BC9CEB8-8B4A-11D0-8D11-00A0C91BC942}") = "006_InitOrCopy", "006_InitOrCopy\006_InitOrCopy.vcxproj", "{5A0B83ED-6281-4F59-A409-BC64C0D2AC91}"
EndProject
Project("{8BC9CEB8-8B4A-11D0-8D11-00A0C91BC942}") = "010_Operator002", "010_Operator002\010_Operator002.vcxproj", "{24E53A38-A560-40B1-81B1-DB1B9A88A1DA}"
EndProject
Project("{8BC9CEB8-8B4A-11D0-8D11-00A0C91BC942}") = "011_Operator003", "011_Operator003\011_Operator003.vcxproj", "{CC886554-4770-44A7-8CD0-38D3B26E55CB}"
EndProject
Project("{8BC9CEB8-8B4A-11D0-8D11-00A0C91BC942}") = "012_FunctionAndMemory", "012_FunctionAndMemory\012_FunctionAndMemory.vcxproj", "{7268DB83-7578-4E1F-A6F0-2CBD8069D38F}"
EndProject
Global
	GlobalSection(SolutionConfigurationPlatforms) = preSolution
		Debug|x64 = Debug|x64
		Debug|x86 = Debug|x86
		Release|x64 = Release|x64
		Release|x86 = Release|x86
	EndGlobalSection
	GlobalSection(ProjectConfigurationPlatforms) = postSolution
		{7A2ADBFE-B32F-40EF-B294-D28F0D7E1F07}.Debug|x64.ActiveCfg = Debug|x64
		{7A2ADBFE-B32F-40EF-B294-D28F0D7E1F07}.Debug|x64.Build.0 = Debug|x64
		{7A2ADBFE-B32F-40EF-B294-D28F0D7E1F07}.Debug|x86.ActiveCfg = Debug|Win32
		{7A2ADBFE-B32F-40EF-B294-D28F0D7E1F07}.Debug|x86.Build.0 = Debug|Win32
		{7A2ADBFE-B32F-40EF-B294-D28F0D7E1F07}.Release|x64.ActiveCfg = Release|x64
		{7A2ADBFE-B32F-40EF-B294-D28F0D7E1F07}.Release|x64.Build.0 = Release|x64
		{7A2ADBFE-B32F-40EF-B294-D28F0D7E1F07}.Release|x86.ActiveCfg = Release|Win32
		{7A2ADBFE-B32F-40EF-B294-D28F0D7E1F07}.Release|x86.Build.0 = Release|Win32
		{9EA16450-343F-46A9-AFA5-BF9B657912BF}.Debug|x64.ActiveCfg = Debug|x64
		{9EA16450-343F-46A9-AFA5-BF9B657912BF}.Debug|x64.Build.0 = Debug|x64
		{9EA16450-343F-46A9-AFA5-BF9B657912BF}.Debug|x86.ActiveCfg = Debug|Win32
		{9EA16450-343F-46A9-AFA5-BF9B657912BF}.Debug|x86.Build.0 = Debug|Win32
		{9EA16450-343F-46A9-AFA5-BF9B657912BF}.Release|x64.ActiveCfg = Release|x64
		{9EA16450-343F-46A9-AFA5-BF9B657912BF}.Release|x64.Build.0 = Release|x64
		{9EA16450-343F-46A9-AFA5-BF9B657912BF}.Release|x86.ActiveCfg = Release|Win32
		{9EA16450-343F-46A9-AFA5-BF9B657912BF}.Release|x86.Build.0 = Release|Win32
		{DD316375-F024-4AE5-B2E4-622B0C4E3D3E}.Debug|x64.ActiveCfg = Debug|x64
		{DD316375-F024-4AE5-B2E4-622B0C4E3D3E}.Debug|x64.Build.0 = Debug|x64
		{DD316375-F024-4AE5-B2E4-622B0C4E3D3E}.Debug|x86.ActiveCfg = Debug|Win32
		{DD316375-F024-4AE5-B2E4-622B0C4E3D3E}.Debug|x86.Build.0 = Debug|Win32
		{DD316375-F024-4AE5-B2E4-622B0C4E3D3E}.Release|x64.ActiveCfg = Release|x64
		{DD316375-F024-4AE5-B2E4-622B0C4E3D3E}.Release|x64.Build.0 = Release|x64
		{DD316375-F024-4AE5-B2E4-622B0C4E3D3E}.Release|x86.ActiveCfg = Release|Win32
		{DD316375-F024-4AE5-B2E4-622B0C4E3D3E}.Release|x86.Build.0 = Release|Win32
		{F9068084-9CBC-4000-BFD5-8F904F56AA04}.Debug|x64.ActiveCfg = Debug|x64
		{F9068084-9CBC-4000-BFD5-8F904F56AA04}.Debug|x64.Build.0 = Debug|x64
		{F9068084-9CBC-4000-BFD5-8F904F56AA04}.Debug|x86.ActiveCfg = Debug|Win32
		{F9068084-9CBC-4000-BFD5-8F904F56AA04}.Debug|x86.Build.0 = Debug|Win32
		{F9068084-9CBC-4000-BFD5-8F904F56AA04}.Release|x64.ActiveCfg = Release|x64
		{F9068084-9CBC-4000-BFD5-8F904F56AA04}.Release|x64.Build.0 = Release|x64
		{F9068084-9CBC-4000-BFD5-8F904F56AA04}.Release|x86.ActiveCfg = Release|Win32
		{F9068084-9CBC-4000-BFD5-8F904F56AA04}.Release|x86.Build.0 = Release|Win32
		{D580C0A9-BD48-4CEC-9649-BB13A985ECBD}.Debug|x64.ActiveCfg = Debug|x64
		{D580C0A9-BD48-4CEC-9649-BB13A985ECBD}.Debug|x64.Build.0 = Debug|x64
		{D580C0A9-BD48-4CEC-9649-BB13A985ECBD}.Debug|x86.ActiveCfg = Debug|Win32
		{D580C0A9-BD48-4CEC-9649-BB13A985ECBD}.Debug|x86.Build.0 = Debug|Win32
		{D580C0A9-BD48-4CEC-9649-BB13A985ECBD}.Release|x64.ActiveCfg = Release|x64
		{D580C0A9-BD48-4CEC-9649-BB13A985ECBD}.Release|x64.Build.0 = Release|x64
		{D580C0A9-BD48-4CEC-9649-BB13A985ECBD}.Release|x86.ActiveCfg = Release|Win32
		{D580C0A9-BD48-4CEC-9649-BB13A985ECBD}.Release|x86.Build.0 = Release|Win32
		{CEB2E1EB-C0BF-44F5-8C17-198EFB0C4054}.Debug|x64.ActiveCfg = Debug|x64
		{CEB2E1EB-C0BF-44F5-8C17-198EFB0C4054}.Debug|x64.Build.0 = Debug|x64
		{CEB2E1EB-C0BF-44F5-8C17-198EFB0C4054}.Debug|x86.ActiveCfg = Debug|Win32
		{CEB2E1EB-C0BF-44F5-8C17-198EFB0C4054}.Debug|x86.Build.0 = Debug|Win32
		{CEB2E1EB-C0BF-44F5-8C17-198EFB0C4054}.Release|x64.ActiveCfg = Release|x64
		{CEB2E1EB-C0BF-44F5-8C17-198EFB0C4054}.Release|x64.Build.0 = Release|x64
		{CEB2E1EB-C0BF-44F5-8C17-198EFB0C4054}.Release|x86.ActiveCfg = Release|Win32
		{CEB2E1EB-C0BF-44F5-8C17-198EFB0C4054}.Release|x86.Build.0 = Release|Win32
		{47F9BAB0-20BD-48F6-921C-77155F74F3CE}.Debug|x64.ActiveCfg = Debug|x64
		{47F9BAB0-20BD-48F6-921C-77155F74F3CE}.Debug|x64.Build.0 = Debug|x64
		{47F9BAB0-20BD-48F6-921C-77155F74F3CE}.Debug|x86.ActiveCfg = Debug|Win32
		{47F9BAB0-20BD-48F6-921C-77155F74F3CE}.Debug|x86.Build.0 = Debug|Win32
		{47F9BAB0-20BD-48F6-921C-77155F74F3CE}.Release|x64.ActiveCfg = Release|x64
		{47F9BAB0-20BD-48F6-921C-77155F74F3CE}.Release|x64.Build.0 = Release|x64
		{47F9BAB0-20BD-48F6-921C-77155F74F3CE}.Release|x86.ActiveCfg = Release|Win32
		{47F9BAB0-20BD-48F6-921C-77155F74F3CE}.Release|x86.Build.0 = Release|Win32
		{36222D31-84EA-434E-B6BF-0D6D4E3840F3}.Debug|x64.ActiveCfg = Debug|x64
		{36222D31-84EA-434E-B6BF-0D6D4E3840F3}.Debug|x64.Build.0 = Debug|x64
		{36222D31-84EA-434E-B6BF-0D6D4E3840F3}.Debug|x86.ActiveCfg = Debug|Win32
		{36222D31-84EA-434E-B6BF-0D6D4E3840F3}.Debug|x86.Build.0 = Debug|Win32
		{36222D31-84EA-434E-B6BF-0D6D4E3840F3}.Release|x64.ActiveCfg = Release|x64
		{36222D31-84EA-434E-B6BF-0D6D4E3840F3}.Release|x64.Build.0 = Release|x64
		{36222D31-84EA-434E-B6BF-0D6D4E3840F3}.Release|x86.ActiveCfg = Release|Win32
		{36222D31-84EA-434E-B6BF-0D6D4E3840F3}.Release|x86.Build.0 = Release|Win32
		{5A0B83ED-6281-4F59-A409-BC64C0D2AC91}.Debug|x64.ActiveCfg = Debug|x64
		{5A0B83ED-6281-4F59-A409-BC64C0D2AC91}.Debug|x64.Build.0 = Debug|x64
		{5A0B83ED-6281-4F59-A409-BC64C0D2AC91}.Debug|x86.ActiveCfg = Debug|Win32
		{5A0B83ED-6281-4F59-A409-BC64C0D2AC91}.Debug|x86.Build.0 = Debug|Win32
		{5A0B83ED-6281-4F59-A409-BC64C0D2AC91}.Release|x64.ActiveCfg = Release|x64
		{5A0B83ED-6281-4F59-A409-BC64C0D2AC91}.Release|x64.Build.0 = Release|x64
		{5A0B83ED-6281-4F59-A409-BC64C0D2AC91}.Release|x86.ActiveCfg = Release|Win32
		{5A0B83ED-6281-4F59-A409-BC64C0D2AC91}.Release|x86.Build.0 = Release|Win32
		{24E53A38-A560-40B1-81B1-DB1B9A88A1DA}.Debug|x64.ActiveCfg = Debug|x64
		{24E53A38-A560-40B1-81B1-DB1B9A88A1DA}.Debug|x64.Build.0 = Debug|x64
		{24E53A38-A560-40B1-81B1-DB1B9A88A1DA}.Debug|x86.ActiveCfg = Debug|Win32
		{24E53A38-A560-40B1-81B1-DB1B9A88A1DA}.Debug|x86.Build.0 = Debug|Win32
		{24E53A38-A560-40B1-81B1-DB1B9A88A1DA}.Release|x64.ActiveCfg = Release|x64
		{24E53A38-A560-40B1-81B1-DB1B9A88A1DA}.Release|x64.Build.0 = Release|x64
		{24E53A38-A560-40B1-81B1-DB1B9A88A1DA}.Release|x86.ActiveCfg = Release|Win32
		{24E53A38-A560-40B1-81B1-DB1B9A88A1DA}.Release|x86.Build.0 = Release|Win32
		{CC886554-4770-44A7-8CD0-38D3B26E55CB}.Debug|x64.ActiveCfg = Debug|x64
		{CC886554-4770-44A7-8CD0-38D3B26E55CB}.Debug|x64.Build.0 = Debug|x64
		{CC886554-4770-44A7-8CD0-38D3B26E55CB}.Debug|x86.ActiveCfg = Debug|Win32
		{CC886554-4770-44A7-8CD0-38D3B26E55CB}.Debug|x86.Build.0 = Debug|Win32
		{CC886554-4770-44A7-8CD0-38D3B26E55CB}.Release|x64.ActiveCfg = Release|x64
		{CC886554-4770-44A7-8CD0-38D3B26E55CB}.Release|x64.Build.0 = Release|x64
		{CC886554-4770-44A7-8CD0-38D3B26E55CB}.Release|x86.ActiveCfg = Release|Win32
		{CC886554-4770-44A7-8CD0-38D3B26E55CB}.Release|x86.Build.0 = Release|Win32
		{7268DB83-7578-4E1F-A6F0-2CBD8069D38F}.Debug|x64.ActiveCfg = Debug|x64
		{7268DB83-7578-4E1F-A6F0-2CBD8069D38F}.Debug|x64.Build.0 = Debug|x64
		{7268DB83-7578-4E1F-A6F0-2CBD8069D38F}.Debug|x86.ActiveCfg = Debug|Win32
		{7268DB83-7578-4E1F-A6F0-2CBD8069D38F}.Debug|x86.Build.0 = Debug|Win32
		{7268DB83-7578-4E1F-A6F0-2CBD8069D38F}.Release|x64.ActiveCfg = Release|x64
		{7268DB83-7578-4E1F-A6F0-2CBD8069D38F}.Release|x64.Build.0 = Release|x64
		{7268DB83-7578-4E1F-A6F0-2CBD8069D38F}.Release|x86.ActiveCfg = Release|Win32
		{7268DB83-7578-4E1F-A6F0-2CBD8069D38F}.Release|x86.Build.0 = Release|Win32
	EndGlobalSection
	GlobalSection(SolutionProperties) = preSolution
		HideSolutionNode = FALSE
	EndGlobalSection
	GlobalSection(ExtensibilityGlobals) = postSolution
		SolutionGuid = {29DD8BC4-E149-493F-8848-024B46CD269A}
	EndGlobalSection
EndGlobal
